{
  "name": "signatures-node-example",
  "lockfileVersion": 3,
  "requires": true,
  "packages": {
    "": {
      "dependencies": {
        "config": "^3.3.12",
        "http-message-signatures": "^1.0.4"
      }
    },
    "node_modules/config": {
      "version": "3.3.12",
      "resolved": "https://registry.npmjs.org/config/-/config-3.3.12.tgz",
      "integrity": "sha512-Vmx389R/QVM3foxqBzXO8t2tUikYZP64Q6vQxGrsMpREeJc/aWRnPRERXWsYzOHAumx/AOoILWe6nU3ZJL+6Sw==",
      "dependencies": {
        "json5": "^2.2.3"
      },
      "engines": {
        "node": ">= 10.0.0"
      }
    },
    "node_modules/http-message-signatures": {
      "version": "1.0.4",
      "resolved": "https://registry.npmjs.org/http-message-signatures/-/http-message-signatures-1.0.4.tgz",
      "integrity": "sha512-gavCQWnxHFg0BVlKs6CmYK7hNSH1o0x0mHTC68yBAHYOYuTVXPv52mEE7QuT5TenfiagTdOa/zPJzen4lEX7Rg==",
      "dependencies": {
        "structured-headers": "^1.0.1"
      }
    },
    "node_modules/json5": {
      "version": "2.2.3",
      "resolved": "https://registry.npmjs.org/json5/-/json5-2.2.3.tgz",
      "integrity": "sha512-XmOWe7eyHYH14cLdVPoyg+GOH3rYX++KpzrylJwSW98t3Nk+U8XOl8FWKOgwtzdb8lXGf6zYwDUzeHMWfxasyg==",
      "bin": {
        "json5": "lib/cli.js"
      },
      "engines": {
        "node": ">=6"
      }
    },
    "node_modules/structured-headers": {
      "version": "1.0.1",
      "resolved": "https://registry.npmjs.org/structured-headers/-/structured-headers-1.0.1.tgz",
      "integrity": "sha512-QYBxdBtA4Tl5rFPuqmbmdrS9kbtren74RTJTcs0VSQNVV5iRhJD4QlYTLD0+81SBwUQctjEQzjTRI3WG4DzICA==",
      "engines": {
        "node": ">= 14",
        "npm": ">=6"
      }
    }
  }
}
